
Microsoft Visual Studio Solution File, Format Version 12.00
# Visual Studio 15
VisualStudioVersion = 15.0.28010.2026
MinimumVisualStudioVersion = 10.0.40219.1
Project("{FAE04EC0-301F-11D3-BF4B-00C04F79EFBC}") = "BoardGameTrackerV2", "BoardGameTrackerV2\BoardGameTrackerV2.csproj", "{907F50AB-6962-4620-8876-38410B53CD6A}"
EndProject
Global
	GlobalSection(SolutionConfigurationPlatforms) = preSolution
		Debug|Any CPU = Debug|Any CPU
		Release|Any CPU = Release|Any CPU
	EndGlobalSection
	GlobalSection(ProjectConfigurationPlatforms) = postSolution
		{907F50AB-6962-4620-8876-38410B53CD6A}.Debug|Any CPU.ActiveCfg = Debug|Any CPU
		{907F50AB-6962-4620-8876-38410B53CD6A}.Debug|Any CPU.Build.0 = Debug|Any CPU
		{907F50AB-6962-4620-8876-38410B53CD6A}.Release|Any CPU.ActiveCfg = Release|Any CPU
		{907F50AB-6962-4620-8876-38410B53CD6A}.Release|Any CPU.Build.0 = Release|Any CPU
	EndGlobalSection
	GlobalSection(SolutionProperties) = preSolution
		HideSolutionNode = FALSE
	EndGlobalSection
	GlobalSection(ExtensibilityGlobals) = postSolution
		SolutionGuid = {514DE75C-97CC-467A-8779-BFDDECBB9BF0}
	EndGlobalSection
EndGlobal
